version = 1
revision = 5
requires-python = ">=3.14"

[[package]]
name = "materialyoucolor"
version = "3.0.4"
source = { registry = "https://pypi.org/simple" }
dependencies = [
    { name = "pillow" },
]
sdist = { url = "https://files.pythonhosted.org/packages/eb/23/2e63e7bdfcc1aa7ba955386ad09e3bd8a535a1092d7af501659b63cb6282/materialyoucolor-3.0.4.tar.gz", hash = "sha256:30b8dde034dce180845b0eaf52f72c5b22cd5b60bd7aff96804febae4e266276", size = 128892, upload-time = "2026-08-04T13:34:41.372Z" }
wheels = [
    { url = "https://files.pythonhosted.org/packages/76/22/209bdd523c8f710ffc76558194d900c7fad004d43ebc46066c215e7b6761/materialyoucolor-3.0.4-cp314-cp314-android_24_arm64_v8a.whl", hash = "sha256:8afb469e297b6d3ee47f8e6149943aaa8829838d934e5bc53caf4d4d2f599713", size = 420513, upload-time = "2026-08-05T20:42:08.58Z" },
    { url = "https://files.pythonhosted.org/packages/b1/e8/ff5b1d0635a67545e7d765c50826fdb293536b690a28bb302be05f675fe7/materialyoucolor-3.0.4-cp314-cp314-android_24_x86_64.whl", hash = "sha256:76b325ef0fc89d21f828acc7e309ce3a8b14908b8922a99022aa1384acae2b19", size = 398073, upload-time = "2026-08-05T20:42:25.501Z" },
    { url = "https://files.pythonhosted.org/packages/71/3e/592899bd120dac8bd722e586661f5f2b74d58174e12d4ad831455e2bc0ce/materialyoucolor-3.0.4-cp314-cp314-macosx_10_15_x86_64.whl", hash = "sha256:8669170b05c9dad7ea429d92a8ac86921fdcc3d4fbb73f1326f7eabfb8b07e4b", size = 216859, upload-time = "2026-08-05T19:54:11.493Z" },
    { url = "https://files.pythonhosted.org/packages/3b/17/9a2b30a417b2908aead3bd0218fb0e58683a88fff8d5979364dc04f3422f/materialyoucolor-3.0.4-cp314-cp314-macosx_11_0_arm64.whl", hash = "sha256:f7b79de72f75c850ceca2c387b5c2099fffa6774352aca53b4433e2ea80d9e9b", size = 207342, upload-time = "2026-08-05T19:54:12.859Z" },
    { url = "https://files.pythonhosted.org/packages/91/f1/f7d17fd5825a283778c6529c3a2af57eca6fbb9d1ee8a688210ce8cae239/materialyoucolor-3.0.4-cp314-cp314-manylinux_2_27_x86_64.manylinux_2_28_x86_64.whl", hash = "sha256:cf4494a5741527927071098cb9527ed25531339b838594b493357cb54c0ca352", size = 235325, upload-time = "2026-08-05T19:54:14.337Z" },
    { url = "https://files.pythonhosted.org/packages/a0/70/948662443591444c4e101a4058a29e0e3ab8db643af0ec01d9261d4caba0/materialyoucolor-3.0.4-cp314-cp314-musllinux_1_2_x86_64.whl", hash = "sha256:69373753a3ae5dc8381be27edb7ea14dc8670399ffbce87b9e12dc3830c7d2fb", size = 1267764, upload-time = "2026-08-05T19:54:15.959Z" },
    { url = "https://files.pythonhosted.org/packages/dc/ef/1c04bbad8e3543bdd4758f874742e4fd5e33da26bcbcc56a01ffb72a178d/materialyoucolor-3.0.4-cp314-cp314-win32.whl", hash = "sha256:d423a05b1b29c0ae677215508c5a8e55c61ea5098683e0186e3e0d6fa2a16387", size = 363204, upload-time = "2026-08-05T19:54:17.379Z" },
    { url = "https://files.pythonhosted.org/packages/0c/9d/19eb831087920e5a2b5c585658369bfa445158e1e6c3339d64ca26cac82d/materialyoucolor-3.0.4-cp314-cp314-win_amd64.whl", hash = "sha256:4d3bd19fa9dca51410f8566dcaf93d16f0c007b39ad98e0609abf9206f66c274", size = 386553, upload-time = "2026-08-05T19:54:18.783Z" },
    { url = "https://files.pythonhosted.org/packages/58/3a/3d7e2332ef7e8ef504b50e13a6fbd6419b363f4012941102d99a1e2c4a54/materialyoucolor-3.0.4-cp314-cp314t-macosx_10_15_x86_64.whl", hash = "sha256:1ad75c73d9c77dd123d7efadf0a531d3c3674e603ee352024eace0023fbf12c6", size = 220118, upload-time = "2026-08-05T19:54:20.326Z" },
    { url = "https://files.pythonhosted.org/packages/41/2b/4a9244b610adccaf450ae43d7845464f34048007730cc2a522a0ada24e5a/materialyoucolor-3.0.4-cp314-cp314t-macosx_11_0_arm64.whl", hash = "sha256:922ad5ec97a2470945ed98c08c6227bd914f1f5c54d365ab93b80964745276ca", size = 211240, upload-time = "2026-08-05T19:54:21.638Z" },
    { url = "https://files.pythonhosted.org/packages/ce/2f/9e27db764daba894dd97e50f8eb66ef8bb2ded506675a2a8d1b6e18a5eff/materialyoucolor-3.0.4-cp314-cp314t-manylinux_2_27_x86_64.manylinux_2_28_x86_64.whl", hash = "sha256:be9b4a3ba54f9bd206e492c4c4a72931207f0936b7f420b2a1f0398b496b8c7c", size = 235543, upload-time = "2026-08-05T19:54:23.041Z" },
    { url = "https://files.pythonhosted.org/packages/11/02/9ece23bb287ccdc67c9cf44bc6921c68f7e5133c52898d08c0200e0bb59b/materialyoucolor-3.0.4-cp314-cp314t-musllinux_1_2_x86_64.whl", hash = "sha256:89f37261bb8cd4d35712ba5aad60e00780fc778ca10511aa1c1af17b6170955c", size = 1267850, upload-time = "2026-08-05T19:54:24.727Z" },
    { url = "https://files.pythonhosted.org/packages/7b/18/3aa6743c838bf7c5c2fbbdf77312ec5eb6fdba48287970df2279976a2c82/materialyoucolor-3.0.4-cp314-cp314t-win32.whl", hash = "sha256:636eaf4982aadd4a7b7015b46823b678b91387ec4e4fc070b97c4eb0719c10ad", size = 365840, upload-time = "2026-08-05T19:54:26.369Z" },
    { url = "https://files.pythonhosted.org/packages/2a/17/076a0418c3ffcefbdc94743ce29dcde73e120641f22b54c4c289f46daab3/materialyoucolor-3.0.4-cp314-cp314t-win_amd64.whl", hash = "sha256:845352eca361f64d8dfda18f8751c40d29c582597957d8d0600975b30d7640f4", size = 390714, upload-time = "2026-08-05T19:54:27.877Z" },
    { url = "https://files.pythonhosted.org/packages/3c/bc/9521e7805a25cabc50a9f8470f0542d9600676abcf55ca7dddc7b6a36255/materialyoucolor-3.0.4-cp315-cp315-macosx_10_15_x86_64.whl", hash = "sha256:e97b91e998425e6175fa40f936777d118934edd22762db2d0e034ead23c722ad", size = 216859, upload-time = "2026-08-05T19:54:29.26Z" },
    { url = "https://files.pythonhosted.org/packages/4c/0f/581ea4902dfa7f594190d7fc72d381c59396c289bd771358deb83297f3fd/materialyoucolor-3.0.4-cp315-cp315-macosx_11_0_arm64.whl", hash = "sha256:03a70858fa9f5a284c83cfe6d8b98a429b7081acb2c85aa18ce6b794ec55a790", size = 207538, upload-time = "2026-08-05T19:54:30.755Z" },
    { url = "https://files.pythonhosted.org/packages/04/9c/9b88075657e11fcc6a846b21277e6d0eed5e5afd0728f4001dfd0a06d2b1/materialyoucolor-3.0.4-cp315-cp315-manylinux_2_27_x86_64.manylinux_2_28_x86_64.whl", hash = "sha256:b5f4f2f3eb6333dfa4c24b75f3f26584ed7e7ef6ceec40da7d7f6698093fc181", size = 237405, upload-time = "2026-08-05T19:54:32.327Z" },
    { url = "https://files.pythonhosted.org/packages/ec/07/a99a150e1666a16780ad7e79b80a4a8cc93bd82892ec98bc49edd2ad6493/materialyoucolor-3.0.4-cp315-cp315-musllinux_1_2_x86_64.whl", hash = "sha256:77bb2f5139a94c49f645e04383026c1c17a0e1764ae98d6e543be0e2dca0a180", size = 1269371, upload-time = "2026-08-05T19:54:33.869Z" },
    { url = "https://files.pythonhosted.org/packages/67/d1/e47df3c5494ae9c6d0028f26a09ac2c46ccce3f53d0bbd73c3924364bd44/materialyoucolor-3.0.4-cp315-cp315-win32.whl", hash = "sha256:566fe1353b4408783d77477055e8b6a9b25941cad8e2de75078fcc1947facb09", size = 363138, upload-time = "2026-08-05T19:54:35.354Z" },
    { url = "https://files.pythonhosted.org/packages/fa/45/7596a68ecaa1ba9e6be1c2d444bb19ee312e9cedef8ee65bfda79413c395/materialyoucolor-3.0.4-cp315-cp315-win_amd64.whl", hash = "sha256:412504c55803bd6850377d5a0b17846746cf900da70f9beb51e92e8be8992d5a", size = 386554, upload-time = "2026-08-05T19:54:36.833Z" },
    { url = "https://files.pythonhosted.org/packages/bc/90/ec1b63e87c0c5a27a0906dea6fe42e5f310b9e0cea87fdef1df5dfd4ffbb/materialyoucolor-3.0.4-cp315-cp315t-macosx_10_15_x86_64.whl", hash = "sha256:53e910b2bfde5dcb44bd42367aed81f89abada739a98ac7d7149eaafc8b62f6c", size = 220146, upload-time = "2026-08-05T19:54:38.216Z" },
    { url = "https://files.pythonhosted.org/packages/d8/e0/a987c70e0f5a2fb8d66fd2c73b3c6b5de92bafaa2ba424cbe2eaf8085bf2/materialyoucolor-3.0.4-cp315-cp315t-macosx_11_0_arm64.whl", hash = "sha256:20b6bb8c0c205f2479830547dab89253e932ba0f24aaf9824517dcd37060a556", size = 211365, upload-time = "2026-08-05T19:54:39.563Z" },
    { url = "https://files.pythonhosted.org/packages/00/8d/d4839641bff562559951c3c5c73137288f36876e3e349632281943c8cafd/materialyoucolor-3.0.4-cp315-cp315t-manylinux_2_27_x86_64.manylinux_2_28_x86_64.whl", hash = "sha256:f1ee29003870cb4b63ca29a667647d04452471293368e3174f5cf4e6cab70949", size = 237765, upload-time = "2026-08-05T19:54:41.003Z" },
    { url = "https://files.pythonhosted.org/packages/65/f6/be2dafe1bd7d6f8010fd074178589ea79686ab557ee6d40e50cb26fea735/materialyoucolor-3.0.4-cp315-cp315t-musllinux_1_2_x86_64.whl", hash = "sha256:53719a2c91c674cc483f48f850c6a20f21556c765a6bf00961500c294fed8f00", size = 1269721, upload-time = "2026-08-05T19:54:42.546Z" },
    { url = "https://files.pythonhosted.org/packages/33/ba/abe7d4408fd95841bdf65173b324bd3756f72d86f919310a8a68da24a3c3/materialyoucolor-3.0.4-cp315-cp315t-win32.whl", hash = "sha256:2762518ce94bdf0f5bf8bd5f8b71d1925c7142cc26090fb03ed882cb4cb57833", size = 365806, upload-time = "2026-08-05T19:54:44.128Z" },
    { url = "https://files.pythonhosted.org/packages/09/70/4032965878148702cf09eb93d38c503633f1e9cb07e3ca8c6d592b0adb18/materialyoucolor-3.0.4-cp315-cp315t-win_amd64.whl", hash = "sha256:42299074741e0eebb50eaf2e91156379f785e220c5d3c5f98c8a08bcafb7f12a", size = 390688, upload-time = "2026-08-05T19:54:45.565Z" },
]

[[package]]
name = "pillow"
version = "12.3.0"
source = { registry = "https://pypi.org/simple" }
sdist = { url = "https://files.pythonhosted.org/packages/1c/3d/bb7fca845737cf9d7dbde16ed1843984665ff2e0a518f5db43e77ec540b9/pillow-12.3.0.tar.gz", hash = "sha256:3b8182a766685eaa002637e28b4ec8d6b18819a0c71f579bf0dbaa5830297cce", size = 47025035, upload-time = "2026-07-01T11:56:38.965Z" }
wheels = [
    { url = "https://files.pythonhosted.org/packages/dc/01/001f65b68192f0228cc1dbbc8d2530ab5d58b61037ba0587f946fea607cd/pillow-12.3.0-cp314-cp314-ios_13_0_arm64_iphoneos.whl", hash = "sha256:9cf95fe4d0f84c82d282745d9bb08ad9f926efa00be4697e767b814ce40d4330", size = 4161736, upload-time = "2026-07-01T11:54:51.156Z" },
    { url = "https://files.pythonhosted.org/packages/1a/d2/0219746d0fd16fc8a84498e79452375be3797d3ce4044596ce565164b84f/pillow-12.3.0-cp314-cp314-ios_13_0_arm64_iphonesimulator.whl", hash = "sha256:8728f216dcdb6e6d555cf971cb34076139ad74b31fc2c14da4fafc741c5f6217", size = 4255435, upload-time = "2026-07-01T11:54:53.414Z" },
    { url = "https://files.pythonhosted.org/packages/c8/02/8d0bc62ef0302318c46ff2a512822d2610e81c7aa46c9b3abe6cbaca5ad0/pillow-12.3.0-cp314-cp314-ios_13_0_x86_64_iphonesimulator.whl", hash = "sha256:a45650e8ce7fafffd731db8550230db6b0d306d181a90b67d3e6bca2f1990930", size = 3696262, upload-time = "2026-07-01T11:54:55.739Z" },
    { url = "https://files.pythonhosted.org/packages/85/e2/73c77d218410b14f5f2d565e8a998d5317b7b9c75368d29985139f7a46f0/pillow-12.3.0-cp314-cp314-macosx_10_15_x86_64.whl", hash = "sha256:ba54cfebe86920a559a7c4d6b9050791c20513650a1952ebe3368c7dc70306f8", size = 5350344, upload-time = "2026-07-01T11:54:57.657Z" },
    { url = "https://files.pythonhosted.org/packages/c7/da/32c752228ae345f489e3a42499d817b6c3996da7e8a3bc7a04fc806b243b/pillow-12.3.0-cp314-cp314-macosx_11_0_arm64.whl", hash = "sha256:e158cb00350dc278f3b91551101aa7d12415a66ebf2c91d8d5ac14e56ddd3ad0", size = 4780131, upload-time = "2026-07-01T11:54:59.713Z" },
    { url = "https://files.pythonhosted.org/packages/b1/9d/8b2c807dbef61a5197c047afe99823787eb66f63daf9fb2432f91d6f0462/pillow-12.3.0-cp314-cp314-manylinux_2_27_aarch64.manylinux_2_28_aarch64.whl", hash = "sha256:e9aeb04d6aef139de265b29683e119b638208f88cf73cdd1658aa07221165321", size = 6263757, upload-time = "2026-07-01T11:55:01.778Z" },
    { url = "https://files.pythonhosted.org/packages/5c/44/c85361f65dbe00eea8576ee467c768d25129989efb76e94f205e9ca9bb46/pillow-12.3.0-cp314-cp314-manylinux_2_27_x86_64.manylinux_2_28_x86_64.whl", hash = "sha256:251bf95b67017e27b13d82f5b326234ca62d70f9cf4c2b9032de2358a3b12c7b", size = 6936962, upload-time = "2026-07-01T11:55:03.93Z" },
    { url = "https://files.pythonhosted.org/packages/18/7e/e483414b35800b86b6f08dbbc7803fb5cd52c4d6f897f47d53ea2c7e6f65/pillow-12.3.0-cp314-cp314-musllinux_1_2_aarch64.whl", hash = "sha256:fe3cca2e4e8a592be0f269a1ca4835c25199d9f3ce815c8491048f785b0a0198", size = 6339171, upload-time = "2026-07-01T11:55:05.989Z" },
    { url = "https://files.pythonhosted.org/packages/f0/f4/68c491844841ede6bed70189546b3ee9731cf9f2cbad396faff5e1ccba45/pillow-12.3.0-cp314-cp314-musllinux_1_2_x86_64.whl", hash = "sha256:23aceaa007d6172b02c277f0cd359c79492bbb14f7072b4ede9fbcaf20648130", size = 7048116, upload-time = "2026-07-01T11:55:08.131Z" },
    { url = "https://files.pythonhosted.org/packages/a3/34/77f3f793fed8efc7d243f21b33c5a3f0d1c97ee70346d3db855587e155ff/pillow-12.3.0-cp314-cp314-win32.whl", hash = "sha256:af8d94b0db561cf68b88a267c5c44b49e134f525d0dc2cb7ed413a66bc23559a", size = 6467209, upload-time = "2026-07-01T11:55:10.408Z" },
    { url = "https://files.pythonhosted.org/packages/f1/e0/492879f69d94f91f60fc8cd05ba03650e9520afebb2fb7aa12777d7c7f38/pillow-12.3.0-cp314-cp314-win_amd64.whl", hash = "sha256:fdafc9cce40277e0f7a0feabce0ee50dd2fa1800f3b38015e51296b5e814048d", size = 7237707, upload-time = "2026-07-01T11:55:12.745Z" },
    { url = "https://files.pythonhosted.org/packages/c9/ac/6b11f2875f1c2ac040d84e1bbf9cf22a88038f901ca1037898b280b38365/pillow-12.3.0-cp314-cp314-win_arm64.whl", hash = "sha256:e91206ee562682b51b98ef4b26a6ef48fd84e15fd4c4bc5ec768eb641d206838", size = 2565995, upload-time = "2026-07-01T11:55:14.736Z" },
    { url = "https://files.pythonhosted.org/packages/52/69/c2208e56af9bfc1913afb24020297a691eb1d4ef688474c8a04913f65e04/pillow-12.3.0-cp314-cp314t-macosx_10_15_x86_64.whl", hash = "sha256:164b31cd1a0490ab6efae01aa5df49da7061be0af1b30e035b6e9a1bfe34ee6e", size = 5352503, upload-time = "2026-07-01T11:55:17.076Z" },
    { url = "https://files.pythonhosted.org/packages/07/70/e5686d753e898a45d778ff1718dba8516ead6ab6b95d85fc8c4b70650cf2/pillow-12.3.0-cp314-cp314t-macosx_11_0_arm64.whl", hash = "sha256:5afb51d599ea772b8365ae807ae557f18bccfe46ab261fd1c2a9ed700fc6eb17", size = 4782956, upload-time = "2026-07-01T11:55:19.448Z" },
    { url = "https://files.pythonhosted.org/packages/d5/37/25c6692f06927ee973ff18c8d9ee98ad0b4d84ee67a09610c2dd1447958e/pillow-12.3.0-cp314-cp314t-manylinux_2_27_aarch64.manylinux_2_28_aarch64.whl", hash = "sha256:3edce1d53195db527e0191f84b71d02022de0540bf43a16ed734ed7537b07385", size = 6322855, upload-time = "2026-07-01T11:55:21.613Z" },
    { url = "https://files.pythonhosted.org/packages/cc/91/420637fcb8f1bc11029e403b4538e6694744428d8246118e45719f944556/pillow-12.3.0-cp314-cp314t-manylinux_2_27_x86_64.manylinux_2_28_x86_64.whl", hash = "sha256:bf16ba1b4d0b6b7c8e534936632270cf70eb00dbe09005bc345b2677b726855c", size = 6989642, upload-time = "2026-07-01T11:55:24.006Z" },
    { url = "https://files.pythonhosted.org/packages/10/08/b94d7811281ccf0d143a1cf768d1c49e1e54af63e7b708ab2ee3eb87face/pillow-12.3.0-cp314-cp314t-musllinux_1_2_aarch64.whl", hash = "sha256:24870b09b224f7ae3c39ed07d10e819d06f8720bc551847b1d623832b5b0e28d", size = 6391281, upload-time = "2026-07-01T11:55:26.252Z" },
    { url = "https://files.pythonhosted.org/packages/d2/87/24233f785f55474dc02ce3e739c5528a77e3a862e9333d1dd7a25cc31f70/pillow-12.3.0-cp314-cp314t-musllinux_1_2_x86_64.whl", hash = "sha256:30f2aa603c41533cc25c05acd0da21636e84a315768feb631c937177db558931", size = 7096716, upload-time = "2026-07-01T11:55:28.318Z" },
    { url = "https://files.pythonhosted.org/packages/23/26/fcb2f6e37175b04f53570b59937867e2b80ee1685e744023153028fc14f9/pillow-12.3.0-cp314-cp314t-win32.whl", hash = "sha256:4b0a7fe987b14c31ebda6083f74f22b561fd3739bc0ac51e019622e3d72668c7", size = 6474125, upload-time = "2026-07-01T11:55:30.956Z" },
    { url = "https://files.pythonhosted.org/packages/90/de/3634abee5f1c9e13c56787b7d5517b0ba8d6de51700b95578cf338349c9f/pillow-12.3.0-cp314-cp314t-win_amd64.whl", hash = "sha256:962864dc93511324d51ddbb5b9f8731bf71675b93ca612a07441896f4688fb8c", size = 7242939, upload-time = "2026-07-01T11:55:34.044Z" },
    { url = "https://files.pythonhosted.org/packages/ce/2a/fd13f8eb24de5714a6eb444a3d67e2842c6c576e159a43793adf23051351/pillow-12.3.0-cp314-cp314t-win_arm64.whl", hash = "sha256:0740a512dc522224c77d9aa5a8d70d8b7d73fb91f2c21125d8d025d3b8990e45", size = 2567506, upload-time = "2026-07-01T11:55:35.988Z" },
    { url = "https://files.pythonhosted.org/packages/5d/dc/8fdce34ec725a33c81c6ba122b904d6b9024e50ea9ac7bede62fab54506c/pillow-12.3.0-cp315-cp315-ios_13_0_arm64_iphoneos.whl", hash = "sha256:0feb2e9d6ad6c9e3c06effe9d00f3f1e618a6643273576b016f591e9315a7139", size = 4162063, upload-time = "2026-07-01T11:55:37.941Z" },
    { url = "https://files.pythonhosted.org/packages/76/66/2044b9a63d3b84ff048228dfcb7cd9bf0df983e8470971bf7d4c57b693de/pillow-12.3.0-cp315-cp315-ios_13_0_arm64_iphonesimulator.whl", hash = "sha256:9e881fca225083806662a5c43d627d215f258ff43c890f831966c7d7ba9c7402", size = 4255549, upload-time = "2026-07-01T11:55:40.022Z" },
    { url = "https://files.pythonhosted.org/packages/52/7e/1f67e6f4ece6b582ee4b539decbcc9f848dc245a93ed8cd7338bafef72f1/pillow-12.3.0-cp315-cp315-ios_13_0_x86_64_iphonesimulator.whl", hash = "sha256:4998562bf62a445225f22e07c896bb04b35b1b1f2eb6d760584c9c51d7a5f78c", size = 3696331, upload-time = "2026-07-01T11:55:41.98Z" },
    { url = "https://files.pythonhosted.org/packages/12/40/d306fc2c8e4d45d7f175c77edca7063be7b86fe7fe6e68f4353bf71d808c/pillow-12.3.0-cp315-cp315-macosx_10_15_x86_64.whl", hash = "sha256:dc624f6bc473dacdf7ef7eb8678d0d08edf15cd94fad6ae5c7d6cc67a4e4902f", size = 5350370, upload-time = "2026-07-01T11:55:44.028Z" },
    { url = "https://files.pythonhosted.org/packages/dd/44/668fb1437e8ce420f62d6106eb66e44a5971602a4d794615bdf79315d82d/pillow-12.3.0-cp315-cp315-macosx_11_0_arm64.whl", hash = "sha256:71d6097b330eea8fd15097780c8e89cb1a8ce7838669f48c5bacd6f663dd4701", size = 4780147, upload-time = "2026-07-01T11:55:46.073Z" },
    { url = "https://files.pythonhosted.org/packages/0c/08/93fa2e70e30a2d81547e481b6ee2bb9522117221fb1e0ce4b5df70967677/pillow-12.3.0-cp315-cp315-manylinux_2_27_aarch64.manylinux_2_28_aarch64.whl", hash = "sha256:28ce87c5ab450a9dd970b52e5aca5fe63ed432d18a2eaddd1979a00a1ba24ace", size = 6273659, upload-time = "2026-07-01T11:55:48.264Z" },
    { url = "https://files.pythonhosted.org/packages/f8/6d/043e96ff814fc31a33077e4cba86082167db520c93632afdf2042febbb0c/pillow-12.3.0-cp315-cp315-manylinux_2_27_x86_64.manylinux_2_28_x86_64.whl", hash = "sha256:6b02afb9b97f65fbca5f31db6a2a3ba21aa93030225f150fa3f249717e938fb4", size = 6947439, upload-time = "2026-07-01T11:55:50.503Z" },
    { url = "https://files.pythonhosted.org/packages/af/92/ba71d2ee2ac0edf3fa33bd9d5ee9ee080da70b1766f3ca3934f9938ddac9/pillow-12.3.0-cp315-cp315-musllinux_1_2_aarch64.whl", hash = "sha256:1182d52bc2d5e5d7d0949503aa7e36d12f42205dc287e4883f407b1988820d39", size = 6353577, upload-time = "2026-07-01T11:55:52.697Z" },
    { url = "https://files.pythonhosted.org/packages/0f/ce/e63064e2122923ff687c8ad792d0d736a7b3920a56a46982e81a7fdd25d6/pillow-12.3.0-cp315-cp315-musllinux_1_2_x86_64.whl", hash = "sha256:e795b7eb908249c4e43c7c99fac7c2c75dab0c43566e37db472a355f63693d71", size = 7060394, upload-time = "2026-07-01T11:55:55.149Z" },
    { url = "https://files.pythonhosted.org/packages/54/76/a09cc3ccc8d773a7283d34c38bec1708f9e3cc932093cbc4c5e71ac4060b/pillow-12.3.0-cp315-cp315-win32.whl", hash = "sha256:57b3d78c95ba9059768b10e28b813002261d3f3dfc55cc48b0c988f625175827", size = 6467375, upload-time = "2026-07-01T11:55:57.769Z" },
    { url = "https://files.pythonhosted.org/packages/3e/03/1846c49ba3b1d5550392a4bbd06d6fb4578e1cd91a803198b5c90f5f7d53/pillow-12.3.0-cp315-cp315-win_amd64.whl", hash = "sha256:fa4ecea169a355be7a3ade2c783e2ed12f0e40d2c5621cda8b3297faf7fbb9f5", size = 7237048, upload-time = "2026-07-01T11:55:59.975Z" },
    { url = "https://files.pythonhosted.org/packages/fb/bb/89f35dcc79610423f9f195504d7def7f0d1416a711541b42867e25fe3412/pillow-12.3.0-cp315-cp315-win_arm64.whl", hash = "sha256:877c3f311ff35410f690861c4409e7ccbf0cd2f878e50628a28e5a0bb689e658", size = 2566006, upload-time = "2026-07-01T11:56:02.143Z" },
    { url = "https://files.pythonhosted.org/packages/30/88/707027ba09942dfa2c28759b5c222d769290a41c6d20ea60ec250801941f/pillow-12.3.0-cp315-cp315t-macosx_10_15_x86_64.whl", hash = "sha256:e9871b1ffbfa9656b60aeee92ed5136a5742696006fa322b29ea3d8da0ecc9cf", size = 5352509, upload-time = "2026-07-01T11:56:04.2Z" },
    { url = "https://files.pythonhosted.org/packages/b0/6d/00352fa25332c2569cd387851f568cc5a4b75a9adbfb37ac4fbce4c02eec/pillow-12.3.0-cp315-cp315t-macosx_11_0_arm64.whl", hash = "sha256:53aa02d20d10c3d814d536aa4e5ac9b84ca0ff5a88377963b085ad6822f93e64", size = 4783167, upload-time = "2026-07-01T11:56:06.631Z" },
    { url = "https://files.pythonhosted.org/packages/13/4f/9e049dfa21af7c22427275720e2490267ba8138120add5c4c574deb69782/pillow-12.3.0-cp315-cp315t-manylinux_2_27_aarch64.manylinux_2_28_aarch64.whl", hash = "sha256:446c34dcc4324b084a53b705127dc15717b22c5e140ae0a3c38349d4efec071e", size = 6329237, upload-time = "2026-07-01T11:56:08.868Z" },
    { url = "https://files.pythonhosted.org/packages/36/16/cf6eeaae8d0fce8dd390a33437cf68c5d5bd73834a2bc6e2f14efda0ab45/pillow-12.3.0-cp315-cp315t-manylinux_2_27_x86_64.manylinux_2_28_x86_64.whl", hash = "sha256:cf1845d02ad822a369a49f2bb9345b1614744267682e7a03527dc3bf6eea1777", size = 6997047, upload-time = "2026-07-01T11:56:11.379Z" },
    { url = "https://files.pythonhosted.org/packages/1e/69/dbf769bdd55f48bf5733cac28edc6364ffaa072ec9ba336266e4fe66be55/pillow-12.3.0-cp315-cp315t-musllinux_1_2_aarch64.whl", hash = "sha256:186941b6aef820ad110fb01fb06eb925374dc3a21b17e37ec9a53b250c6fe2d1", size = 6400440, upload-time = "2026-07-01T11:56:13.908Z" },
    { url = "https://files.pythonhosted.org/packages/a0/e1/ffc9cfc2eea0d178da8018e18e959301ad9d6bc9f3edb7181e748a474b97/pillow-12.3.0-cp315-cp315t-musllinux_1_2_x86_64.whl", hash = "sha256:f13c32a3abd6079a66d9526e18dad9b6d280384d49d7c54040cd57b6424041d9", size = 7105895, upload-time = "2026-07-01T11:56:16.575Z" },
    { url = "https://files.pythonhosted.org/packages/18/f0/a5595c1e8c3ae44b9828cb2f0fa8155e5095ef04d6327b8f61cf44a3df85/pillow-12.3.0-cp315-cp315t-win32.whl", hash = "sha256:1657923d2d45afb66526e5b933e5b3052e6bdea196c90d3abb2424e18c77dae8", size = 6474384, upload-time = "2026-07-01T11:56:18.855Z" },
    { url = "https://files.pythonhosted.org/packages/e4/04/62bcd9f844984c5938d3b05264a61d797a29d3e0812341a8204af70bbdee/pillow-12.3.0-cp315-cp315t-win_amd64.whl", hash = "sha256:8cd2f7bdda092d99c9fc2fb7391354f306d01443d22785d0cbfafa2e2c8bb418", size = 7243537, upload-time = "2026-07-01T11:56:21.214Z" },
    { url = "https://files.pythonhosted.org/packages/3d/68/1f3066acedf37673694a7141381d8f811ae97f30d34413d236abe7d489f1/pillow-12.3.0-cp315-cp315t-win_arm64.whl", hash = "sha256:06ff022112bc9cbf83b60f8e028d94ad87b60621706487e65f673de61610ab59", size = 2567491, upload-time = "2026-07-01T11:56:23.506Z" },
]

[[package]]
name = "pyside6-essentials"
version = "6.12.0"
source = { registry = "https://pypi.org/simple" }
dependencies = [
    { name = "shiboken6" },
]
wheels = [
    { url = "https://files.pythonhosted.org/packages/e1/90/d528f8dd3f9f20712bc719e10c698d27c998e1dd76ed3f33b6fb606d0972/pyside6_essentials-6.12.0-cp310-abi3-macosx_14_0_universal2.whl", hash = "sha256:0867b709a724db28b161227c7d6ecb5ed10cc09226a53542417ac6dee1308239", size = 116002775, upload-time = "2026-10-08T09:09:54.453Z" },
    { url = "https://files.pythonhosted.org/packages/7b/3c/7597d8dcb36aa8315427635ec6ec9d850ffbad4ce78b9118ac854889f2d3/pyside6_essentials-6.12.0-cp310-abi3-manylinux_2_34_x86_64.whl", hash = "sha256:16f4b5e41daf49235ae048458243da9efe5f3d8040f9cc5aa454ce69893d3bd9", size = 84346433, upload-time = "2026-10-08T09:10:02.825Z" },
    { url = "https://files.pythonhosted.org/packages/5e/4e/f4fd4c016719be832ec49d3c87940459e87fd666179a0a199a3998d07916/pyside6_essentials-6.12.0-cp310-abi3-manylinux_2_39_aarch64.whl", hash = "sha256:08c5841063fc1df69b7fa1ee405f539e66576a83fc48004be3e2c5e35ccbfa69", size = 83810102, upload-time = "2026-10-08T09:10:09.13Z" },
    { url = "https://files.pythonhosted.org/packages/03/61/9a7e32a37b224f68506785bfb0f288d516098ec71681782d72b695a6c95d/pyside6_essentials-6.12.0-cp310-abi3-win_amd64.whl", hash = "sha256:c9a95102aa23c1f86516a30d5a9be37552d324eee7e567eb7508973f1218cb42", size = 82153795, upload-time = "2026-10-08T09:10:15.104Z" },
    { url = "https://files.pythonhosted.org/packages/92/11/43afb3d0e7c25dd09f0eb7e44f1283dadb5fa8d8b517249fe3fde02e6702/pyside6_essentials-6.12.0-cp310-abi3-win_arm64.whl", hash = "sha256:c76aa689989bf9bb9b45535e0a81c6733294df720b0eed1308fa30d2606b98cc", size = 62073456, upload-time = "2026-10-08T09:10:20.202Z" },
]

[[package]]
name = "shiboken6"
version = "6.12.0"
source = { registry = "https://pypi.org/simple" }
wheels = [
    { url = "https://files.pythonhosted.org/packages/b5/45/11536fba5f50a57671eb14441c6098096f3e57074e54c9d7d66039a5831e/shiboken6-6.12.0-cp310-abi3-macosx_14_0_universal2.whl", hash = "sha256:47105e05baf57d35453e07d240bbe59cb4b8d9565377ea5134ff9fb37d4f5c02", size = 479653, upload-time = "2026-10-08T09:10:41.506Z" },
    { url = "https://files.pythonhosted.org/packages/49/c2/a04fa003b4360e99d8e3fc2829abacf37396ace63ea1cd616402209ec7c6/shiboken6-6.12.0-cp310-abi3-manylinux_2_34_x86_64.whl", hash = "sha256:3bde565bb0890044b5c7f63808adddede5abc241e9395a2bfed61919884d6240", size = 279268, upload-time = "2026-10-08T09:10:42.982Z" },
    { url = "https://files.pythonhosted.org/packages/97/ca/a4415e6218e0dff764fe2b2d30db2fc8f499a08ace07634232ade3f73adc/shiboken6-6.12.0-cp310-abi3-manylinux_2_39_aarch64.whl", hash = "sha256:ff72a72b3277b418902d562b987b33a6f6818bed9fe40a49d634d09bc67f620e", size = 276562, upload-time = "2026-10-08T09:10:44.25Z" },
    { url = "https://files.pythonhosted.org/packages/2a/b6/bee97e7a2edeab72aafabb46ee5adc939790a638d107860b4cad7a20e407/shiboken6-6.12.0-cp310-abi3-win_amd64.whl", hash = "sha256:a1906cb8116869178c64b6bab52623bbc8b4ceed7b30bfc3c9aa0f6e67f6438e", size = 1265476, upload-time = "2026-10-08T09:10:45.627Z" },
    { url = "https://files.pythonhosted.org/packages/8c/d5/5894d35f8a470ca8acff0d1cd8f15b1c94cbfdfe0ce4a6ec0fcf10b95bd1/shiboken6-6.12.0-cp310-abi3-win_arm64.whl", hash = "sha256:da382e68f0815b31b6dc2bce11a465b148c4f42c37b91546a361de1576567d10", size = 1838851, upload-time = "2026-10-08T09:10:47.123Z" },
]

[[package]]
name = "yamusic"
version = "0.1.0"
source = { editable = "." }
dependencies = [
    { name = "materialyoucolor" },
    { name = "pyside6-essentials" },
]

[package.metadata]
requires-dist = [
    { name = "materialyoucolor", specifier = ">=3.0.4" },
    { name = "pyside6-essentials", specifier = ">=6.12" },
]
